<?xml version="1.0" encoding="utf-8"?>
<Project ToolsVersion="4.0" xmlns="http://schemas.microsoft.com/developer/msbuild/2003">
  <ItemGroup>
    <Filter Include="源文件">
      <UniqueIdentifier>{4FC737F1-C7A5-4376-A066-2A32D752A2FF}</UniqueIdentifier>
      <Extensions>cpp;c;cc;cxx;def;odl;idl;hpj;bat;asm;asmx</Extensions>
    </Filter>
    <Filter Include="头文件">
      <UniqueIdentifier>{93995380-89BD-4b04-88EB-625FBE52EBFB}</UniqueIdentifier>
      <Extensions>h;hh;hpp;hxx;hm;inl;inc;ipp;xsd</Extensions>
    </Filter>
    <Filter Include="资源文件">
      <UniqueIdentifier>{67DA6AB6-F800-4c08-8B7A-83BB121AAD01}</UniqueIdentifier>
      <Extensions>rc;ico;cur;bmp;dlg;rc2;rct;bin;rgs;gif;jpg;jpeg;jpe;resx;tiff;tif;png;wav;mfcribbon-ms</Extensions>
    </Filter>
    <Filter Include="头文件\heapSort">
      <UniqueIdentifier>{970ad19c-c45b-4b6d-ade1-af7b761f4263}</UniqueIdentifier>
    </Filter>
    <Filter Include="头文件\binarySearch">
      <UniqueIdentifier>{12af603b-d182-4031-b199-1e4848441aa2}</UniqueIdentifier>
    </Filter>
    <Filter Include="头文件\unionFind">
      <UniqueIdentifier>{ae24aeca-3892-454f-a41a-8673e289e718}</UniqueIdentifier>
    </Filter>
    <Filter Include="头文件\graph">
      <UniqueIdentifier>{c2616d70-5bcb-4d37-95d6-f0f689f9cb2e}</UniqueIdentifier>
    </Filter>
    <Filter Include="头文件\minimumSpanTree">
      <UniqueIdentifier>{38a8134d-2737-4eca-a25e-b0122170ed6a}</UniqueIdentifier>
    </Filter>
    <Filter Include="头文件\sortBasic">
      <UniqueIdentifier>{d3bd9a45-a042-43f6-a966-0e822898d987}</UniqueIdentifier>
    </Filter>
    <Filter Include="头文件\sortAdvance">
      <UniqueIdentifier>{a1ed5e17-24bf-4a26-b0c9-f4020dea1c2e}</UniqueIdentifier>
    </Filter>
  </ItemGroup>
  <ItemGroup>
    <ClCompile Include="main.cpp">
      <Filter>源文件</Filter>
    </ClCompile>
  </ItemGroup>
  <ItemGroup>
    <ClInclude Include="maxheap.h">
      <Filter>头文件\heapSort</Filter>
    </ClInclude>
    <ClInclude Include="heapsort.h">
      <Filter>头文件\heapSort</Filter>
    </ClInclude>
    <ClInclude Include="SortTestHelper.h">
      <Filter>头文件</Filter>
    </ClInclude>
    <ClInclude Include="indexheap.h">
      <Filter>头文件\heapSort</Filter>
    </ClInclude>
    <ClInclude Include="binarysearch.h">
      <Filter>头文件\binarySearch</Filter>
    </ClInclude>
    <ClInclude Include="BST.h">
      <Filter>头文件\binarySearch</Filter>
    </ClInclude>
    <ClInclude Include="FileOps.h">
      <Filter>头文件</Filter>
    </ClInclude>
    <ClInclude Include="UnionFind1.h">
      <Filter>头文件\unionFind</Filter>
    </ClInclude>
    <ClInclude Include="UnionFind2.h">
      <Filter>头文件\unionFind</Filter>
    </ClInclude>
    <ClInclude Include="UnionFindTestHelper.h">
      <Filter>头文件</Filter>
    </ClInclude>
    <ClInclude Include="UnionFind3.h">
      <Filter>头文件\unionFind</Filter>
    </ClInclude>
    <ClInclude Include="UnionFind4.h">
      <Filter>头文件\unionFind</Filter>
    </ClInclude>
    <ClInclude Include="UnionFind5.h">
      <Filter>头文件\unionFind</Filter>
    </ClInclude>
    <ClInclude Include="DenseGraph.h">
      <Filter>头文件\graph</Filter>
    </ClInclude>
    <ClInclude Include="SparseGraph.h">
      <Filter>头文件\graph</Filter>
    </ClInclude>
    <ClInclude Include="ReadGraph.h">
      <Filter>头文件\graph</Filter>
    </ClInclude>
    <ClInclude Include="Component.h">
      <Filter>头文件\graph</Filter>
    </ClInclude>
    <ClInclude Include="Path.h">
      <Filter>头文件\graph</Filter>
    </ClInclude>
    <ClInclude Include="ShortestPath.h">
      <Filter>头文件\graph</Filter>
    </ClInclude>
    <ClInclude Include="Edge.h">
      <Filter>头文件\minimumSpanTree</Filter>
    </ClInclude>
    <ClInclude Include="MinimumSpawnTreeDenseGraph.h">
      <Filter>头文件\minimumSpanTree</Filter>
    </ClInclude>
    <ClInclude Include="ReadMinimumSpawnTree.h">
      <Filter>头文件\minimumSpanTree</Filter>
    </ClInclude>
    <ClInclude Include="MinimumSpawnTreeSparseGraph.h">
      <Filter>头文件\minimumSpanTree</Filter>
    </ClInclude>
    <ClInclude Include="LazyPrimMST.h">
      <Filter>头文件\minimumSpanTree</Filter>
    </ClInclude>
    <ClInclude Include="MinHeap.h">
      <Filter>头文件\heapSort</Filter>
    </ClInclude>
    <ClInclude Include="bubbleSort.h">
      <Filter>头文件\sortBasic</Filter>
    </ClInclude>
    <ClInclude Include="selectionSort.h">
      <Filter>头文件\sortBasic</Filter>
    </ClInclude>
    <ClInclude Include="insertionSort.h">
      <Filter>头文件\sortBasic</Filter>
    </ClInclude>
    <ClInclude Include="shellSort.h">
      <Filter>头文件\sortBasic</Filter>
    </ClInclude>
    <ClInclude Include="mergeSort.h">
      <Filter>头文件\sortAdvance</Filter>
    </ClInclude>
    <ClInclude Include="quickSort.h">
      <Filter>头文件\sortAdvance</Filter>
    </ClInclude>
    <ClInclude Include="bucketSort.h">
      <Filter>头文件\sortAdvance</Filter>
    </ClInclude>
  </ItemGroup>
</Project>