
Microsoft Visual Studio Solution File, Format Version 12.00
# Visual Studio 15
VisualStudioVersion = 15.0.28307.1259
MinimumVisualStudioVersion = 10.0.40219.1
Project("{8BC9CEB8-8B4A-11D0-8D11-00A0C91BC942}") = "指针", "指针\指针.vcxproj", "{D55215E1-FEA7-4EB5-8650-52BEB3A7BAA0}"
EndProject
Global
	GlobalSection(SolutionConfigurationPlatforms) = preSolution
		Debug|x64 = Debug|x64
		Debug|x86 = Debug|x86
		Release|x64 = Release|x64
		Release|x86 = Release|x86
	EndGlobalSection
	GlobalSection(ProjectConfigurationPlatforms) = postSolution
		{D55215E1-FEA7-4EB5-8650-52BEB3A7BAA0}.Debug|x64.ActiveCfg = Debug|x64
		{D55215E1-FEA7-4EB5-8650-52BEB3A7BAA0}.Debug|x64.Build.0 = Debug|x64
		{D55215E1-FEA7-4EB5-8650-52BEB3A7BAA0}.Debug|x86.ActiveCfg = Debug|Win32
		{D55215E1-FEA7-4EB5-8650-52BEB3A7BAA0}.Debug|x86.Build.0 = Debug|Win32
		{D55215E1-FEA7-4EB5-8650-52BEB3A7BAA0}.Release|x64.ActiveCfg = Release|x64
		{D55215E1-FEA7-4EB5-8650-52BEB3A7BAA0}.Release|x64.Build.0 = Release|x64
		{D55215E1-FEA7-4EB5-8650-52BEB3A7BAA0}.Release|x86.ActiveCfg = Release|Win32
		{D55215E1-FEA7-4EB5-8650-52BEB3A7BAA0}.Release|x86.Build.0 = Release|Win32
	EndGlobalSection
	GlobalSection(SolutionProperties) = preSolution
		HideSolutionNode = FALSE
	EndGlobalSection
	GlobalSection(ExtensibilityGlobals) = postSolution
		SolutionGuid = {9027E844-D4DD-4E08-9F5F-9412BFA04A14}
	EndGlobalSection
EndGlobal
